github.com/dzello/reveal-hugo v0.0.0-20231215085953-9311d6eac7c7 h1:Z/bjMCjXqlpTozUY5Cl+3zv/TOgBUd1fk7rYQ9frfPk=
github.com/dzello/reveal-hugo v0.0.0-20231215085953-9311d6eac7c7/go.mod h1:9mgTYgEkMfnc36vaNSvk3xRedXIv2qXjejlugfwyb3o=
github.com/dzello/reveal-hugo v0.0.0-20240121164136-5e38035fe41f h1:UPALL8009oW6MhGR7iwp5Ew/wcSmLILh3e9MsSsz6vg=
github.com/dzello/reveal-hugo v0.0.0-20240121164136-5e38035fe41f/go.mod h1:9mgTYgEkMfnc36vaNSvk3xRedXIv2qXjejlugfwyb3o=
